// !$*UTF8*$!
{
	archiveVersion = 1;
	classes = {
	};
	objectVersion = 46;
	objects = {

/* Begin PBXBuildFile section */
		025FEABC18D00E950024AE80 /* Output.cpp in Sources */ = {isa = PBXBuildFile; fileRef = 025FEABB18D00E950024AE80 /* Output.cpp */; };
		0285752718D018310024DADA /* libffi.a in Frameworks */ = {isa = PBXBuildFile; fileRef = 0285752218D018200024DADA /* libffi.a */; };
		0285753118D01A5A0024DADA /* Cocoa.framework in Frameworks */ = {isa = PBXBuildFile; fileRef = 0285753018D01A5A0024DADA /* Cocoa.framework */; };
		0285755818D01B940024DADA /* ConvertUTF.c in Sources */ = {isa = PBXBuildFile; fileRef = D008ED3E17A2E4ED0047DEB0 /* ConvertUTF.c */; };
		0285755918D01B940024DADA /* Highlight.cpp in Sources */ = {isa = PBXBuildFile; fileRef = D008ED4017A2E4F70047DEB0 /* Highlight.cpp */; };
		0285755A18D01B940024DADA /* Network.cpp in Sources */ = {isa = PBXBuildFile; fileRef = D008ED4217A2E4FE0047DEB0 /* Network.cpp */; };
		0285755B18D01B940024DADA /* Output.cpp in Sources */ = {isa = PBXBuildFile; fileRef = D008ED4417A2E5050047DEB0 /* Output.cpp */; };
		0285755C18D01B940024DADA /* Parser.cpp in Sources */ = {isa = PBXBuildFile; fileRef = D008ED4617A2E50C0047DEB0 /* Parser.cpp */; };
		0285755D18D01B940024DADA /* Replace.cpp in Sources */ = {isa = PBXBuildFile; fileRef = D008ED4817A2E5120047DEB0 /* Replace.cpp */; };
		0285755E18D01B940024DADA /* Bridge.cpp in Sources */ = {isa = PBXBuildFile; fileRef = D008ED4A17A2E5840047DEB0 /* Bridge.cpp */; };
		0285755F18D01B940024DADA /* Execute.cpp in Sources */ = {isa = PBXBuildFile; fileRef = D008ED4C17A2E5910047DEB0 /* Execute.cpp */; };
		0285756018D01B940024DADA /* JavaScriptCore.cpp in Sources */ = {isa = PBXBuildFile; fileRef = D008ED4E17A2E5990047DEB0 /* JavaScriptCore.cpp */; };
		0285756118D01B940024DADA /* Library.cpp in Sources */ = {isa = PBXBuildFile; fileRef = D008ED5017A2E5A20047DEB0 /* Library.cpp */; };
		0285756218D01B960024DADA /* copy.cpp in Sources */ = {isa = PBXBuildFile; fileRef = D008ED5217A2E5C30047DEB0 /* copy.cpp */; };
		0285756318D01B960024DADA /* ffi_type.cpp in Sources */ = {isa = PBXBuildFile; fileRef = D008ED5317A2E5C30047DEB0 /* ffi_type.cpp */; };
		0285756418D01B960024DADA /* parse.cpp in Sources */ = {isa = PBXBuildFile; fileRef = D008ED5417A2E5C30047DEB0 /* parse.cpp */; };
		0285756518D01B9A0024DADA /* Output.cpp in Sources */ = {isa = PBXBuildFile; fileRef = 025FEABB18D00E950024AE80 /* Output.cpp */; };
		0285756618D01B9A0024DADA /* Replace.cpp in Sources */ = {isa = PBXBuildFile; fileRef = D008ED5B17A2E5F80047DEB0 /* Replace.cpp */; };
		0285756718D01B9A0024DADA /* Library.mm in Sources */ = {isa = PBXBuildFile; fileRef = D008ED5D17A2E5FD0047DEB0 /* Library.mm */; };
		0285756818D01B9F0024DADA /* lex.cy.cpp in Sources */ = {isa = PBXBuildFile; fileRef = D008ED6117A2EC8B0047DEB0 /* lex.cy.cpp */; };
		0285756918D01B9F0024DADA /* Cycript.tab.cc in Sources */ = {isa = PBXBuildFile; fileRef = D008ED9A17A31C7C0047DEB0 /* Cycript.tab.cc */; };
		0285756B18D01CE10024DADA /* libffi.dylib in Frameworks */ = {isa = PBXBuildFile; fileRef = 0285756A18D01CE10024DADA /* libffi.dylib */; };
		D008ED2517A2E47D0047DEB0 /* Foundation.framework in Frameworks */ = {isa = PBXBuildFile; fileRef = D008ED2417A2E47D0047DEB0 /* Foundation.framework */; };
		D008ED3F17A2E4ED0047DEB0 /* ConvertUTF.c in Sources */ = {isa = PBXBuildFile; fileRef = D008ED3E17A2E4ED0047DEB0 /* ConvertUTF.c */; };
		D008ED4117A2E4F70047DEB0 /* Highlight.cpp in Sources */ = {isa = PBXBuildFile; fileRef = D008ED4017A2E4F70047DEB0 /* Highlight.cpp */; };
		D008ED4317A2E4FE0047DEB0 /* Network.cpp in Sources */ = {isa = PBXBuildFile; fileRef = D008ED4217A2E4FE0047DEB0 /* Network.cpp */; };
		D008ED4517A2E5050047DEB0 /* Output.cpp in Sources */ = {isa = PBXBuildFile; fileRef = D008ED4417A2E5050047DEB0 /* Output.cpp */; };
		D008ED4717A2E50C0047DEB0 /* Parser.cpp in Sources */ = {isa = PBXBuildFile; fileRef = D008ED4617A2E50C0047DEB0 /* Parser.cpp */; };
		D008ED4917A2E5120047DEB0 /* Replace.cpp in Sources */ = {isa = PBXBuildFile; fileRef = D008ED4817A2E5120047DEB0 /* Replace.cpp */; };
		D008ED4B17A2E5840047DEB0 /* Bridge.cpp in Sources */ = {isa = PBXBuildFile; fileRef = D008ED4A17A2E5840047DEB0 /* Bridge.cpp */; };
		D008ED4D17A2E5910047DEB0 /* Execute.cpp in Sources */ = {isa = PBXBuildFile; fileRef = D008ED4C17A2E5910047DEB0 /* Execute.cpp */; };
		D008ED4F17A2E5990047DEB0 /* JavaScriptCore.cpp in Sources */ = {isa = PBXBuildFile; fileRef = D008ED4E17A2E5990047DEB0 /* JavaScriptCore.cpp */; };
		D008ED5117A2E5A20047DEB0 /* Library.cpp in Sources */ = {isa = PBXBuildFile; fileRef = D008ED5017A2E5A20047DEB0 /* Library.cpp */; };
		D008ED5517A2E5C30047DEB0 /* copy.cpp in Sources */ = {isa = PBXBuildFile; fileRef = D008ED5217A2E5C30047DEB0 /* copy.cpp */; };
		D008ED5617A2E5C30047DEB0 /* ffi_type.cpp in Sources */ = {isa = PBXBuildFile; fileRef = D008ED5317A2E5C30047DEB0 /* ffi_type.cpp */; };
		D008ED5717A2E5C30047DEB0 /* parse.cpp in Sources */ = {isa = PBXBuildFile; fileRef = D008ED5417A2E5C30047DEB0 /* parse.cpp */; };
		D008ED5C17A2E5F80047DEB0 /* Replace.cpp in Sources */ = {isa = PBXBuildFile; fileRef = D008ED5B17A2E5F80047DEB0 /* Replace.cpp */; };
		D008ED5E17A2E5FD0047DEB0 /* Library.mm in Sources */ = {isa = PBXBuildFile; fileRef = D008ED5D17A2E5FD0047DEB0 /* Library.mm */; };
		D008ED6217A2EC8B0047DEB0 /* lex.cy.cpp in Sources */ = {isa = PBXBuildFile; fileRef = D008ED6117A2EC8B0047DEB0 /* lex.cy.cpp */; };
		D008ED9B17A31C7C0047DEB0 /* Cycript.tab.cc in Sources */ = {isa = PBXBuildFile; fileRef = D008ED9A17A31C7C0047DEB0 /* Cycript.tab.cc */; };
		D07514C617CB038F0055B2FA /* JavaScriptCore.framework in Frameworks */ = {isa = PBXBuildFile; fileRef = D07514C517CB038F0055B2FA /* JavaScriptCore.framework */; };
		D07514CB17CB063B0055B2FA /* cycript.h in CopyFiles */ = {isa = PBXBuildFile; fileRef = D07514C917CB061A0055B2FA /* cycript.h */; };
/* End PBXBuildFile section */

/* Begin PBXContainerItemProxy section */
		0285752118D018200024DADA /* PBXContainerItemProxy */ = {
			isa = PBXContainerItemProxy;
			containerPortal = 0285751C18D018200024DADA /* libffi.xcodeproj */;
			proxyType = 2;
			remoteGlobalIDString = DB13B1661849DF1E0010F42D;
			remoteInfo = "libffi-iOS";
		};
		0285752318D018200024DADA /* PBXContainerItemProxy */ = {
			isa = PBXContainerItemProxy;
			containerPortal = 0285751C18D018200024DADA /* libffi.xcodeproj */;
			proxyType = 2;
			remoteGlobalIDString = DB13B1911849DF510010F42D;
			remoteInfo = "libffi-Mac";
		};
		0285752518D018290024DADA /* PBXContainerItemProxy */ = {
			isa = PBXContainerItemProxy;
			containerPortal = 0285751C18D018200024DADA /* libffi.xcodeproj */;
			proxyType = 1;
			remoteGlobalIDString = DB13B1651849DF1E0010F42D;
			remoteInfo = "libffi-iOS";
		};
/* End PBXContainerItemProxy section */

/* Begin PBXCopyFilesBuildPhase section */
		D008ED1F17A2E47D0047DEB0 /* CopyFiles */ = {
			isa = PBXCopyFilesBuildPhase;
			buildActionMask = 2147483647;
			dstPath = "include/${PRODUCT_NAME}";
			dstSubfolderSpec = 16;
			files = (
				D07514CB17CB063B0055B2FA /* cycript.h in CopyFiles */,
			);
			runOnlyForDeploymentPostprocessing = 0;
		};
/* End PBXCopyFilesBuildPhase section */

/* Begin PBXFileReference section */
		025FEABB18D00E950024AE80 /* Output.cpp */ = {isa = PBXFileReference; fileEncoding = 4; lastKnownFileType = sourcecode.cpp.cpp; name = Output.cpp; path = libcycript/ObjectiveC/Output.cpp; sourceTree = SOURCE_ROOT; };
		0285751C18D018200024DADA /* libffi.xcodeproj */ = {isa = PBXFileReference; lastKnownFileType = "wrapper.pb-project"; name = libffi.xcodeproj; path = "libffi-iOS/libffi.xcodeproj"; sourceTree = "<group>"; };
		0285752F18D01A5A0024DADA /* libcycript-Mac.a */ = {isa = PBXFileReference; explicitFileType = archive.ar; includeInIndex = 0; path = "libcycript-Mac.a"; sourceTree = BUILT_PRODUCTS_DIR; };
		0285753018D01A5A0024DADA /* Cocoa.framework */ = {isa = PBXFileReference; lastKnownFileType = wrapper.framework; name = Cocoa.framework; path = Library/Frameworks/Cocoa.framework; sourceTree = DEVELOPER_DIR; };
		0285753318D01A5A0024DADA /* Foundation.framework */ = {isa = PBXFileReference; lastKnownFileType = wrapper.framework; name = Foundation.framework; path = Library/Frameworks/Foundation.framework; sourceTree = SDKROOT; };
		0285753418D01A5A0024DADA /* CoreData.framework */ = {isa = PBXFileReference; lastKnownFileType = wrapper.framework; name = CoreData.framework; path = Library/Frameworks/CoreData.framework; sourceTree = SDKROOT; };
		0285753518D01A5A0024DADA /* AppKit.framework */ = {isa = PBXFileReference; lastKnownFileType = wrapper.framework; name = AppKit.framework; path = Library/Frameworks/AppKit.framework; sourceTree = SDKROOT; };
		0285754118D01A5A0024DADA /* XCTest.framework */ = {isa = PBXFileReference; lastKnownFileType = wrapper.framework; name = XCTest.framework; path = Library/Frameworks/XCTest.framework; sourceTree = DEVELOPER_DIR; };
		0285756A18D01CE10024DADA /* libffi.dylib */ = {isa = PBXFileReference; lastKnownFileType = "compiled.mach-o.dylib"; name = libffi.dylib; path = Platforms/MacOSX.platform/Developer/SDKs/MacOSX10.9.sdk/usr/lib/libffi.dylib; sourceTree = DEVELOPER_DIR; };
		D008ED2117A2E47D0047DEB0 /* libcycript-iOS.a */ = {isa = PBXFileReference; explicitFileType = archive.ar; includeInIndex = 0; path = "libcycript-iOS.a"; sourceTree = BUILT_PRODUCTS_DIR; };
		D008ED2417A2E47D0047DEB0 /* Foundation.framework */ = {isa = PBXFileReference; lastKnownFileType = wrapper.framework; name = Foundation.framework; path = System/Library/Frameworks/Foundation.framework; sourceTree = SDKROOT; };
		D008ED3E17A2E4ED0047DEB0 /* ConvertUTF.c */ = {isa = PBXFileReference; fileEncoding = 4; lastKnownFileType = sourcecode.c.c; name = ConvertUTF.c; path = libcycript/ConvertUTF.c; sourceTree = SOURCE_ROOT; };
		D008ED4017A2E4F70047DEB0 /* Highlight.cpp */ = {isa = PBXFileReference; fileEncoding = 4; lastKnownFileType = sourcecode.cpp.cpp; name = Highlight.cpp; path = libcycript/Highlight.cpp; sourceTree = SOURCE_ROOT; };
		D008ED4217A2E4FE0047DEB0 /* Network.cpp */ = {isa = PBXFileReference; fileEncoding = 4; lastKnownFileType = sourcecode.cpp.cpp; name = Network.cpp; path = libcycript/Network.cpp; sourceTree = SOURCE_ROOT; };
		D008ED4417A2E5050047DEB0 /* Output.cpp */ = {isa = PBXFileReference; fileEncoding = 4; lastKnownFileType = sourcecode.cpp.cpp; name = Output.cpp; path = libcycript/Output.cpp; sourceTree = SOURCE_ROOT; };
		D008ED4617A2E50C0047DEB0 /* Parser.cpp */ = {isa = PBXFileReference; fileEncoding = 4; lastKnownFileType = sourcecode.cpp.cpp; name = Parser.cpp; path = libcycript/Parser.cpp; sourceTree = SOURCE_ROOT; };
		D008ED4817A2E5120047DEB0 /* Replace.cpp */ = {isa = PBXFileReference; fileEncoding = 4; lastKnownFileType = sourcecode.cpp.cpp; name = Replace.cpp; path = libcycript/Replace.cpp; sourceTree = SOURCE_ROOT; };
		D008ED4A17A2E5840047DEB0 /* Bridge.cpp */ = {isa = PBXFileReference; fileEncoding = 4; lastKnownFileType = sourcecode.cpp.cpp; name = Bridge.cpp; path = libcycript/Bridge.cpp; sourceTree = SOURCE_ROOT; };
		D008ED4C17A2E5910047DEB0 /* Execute.cpp */ = {isa = PBXFileReference; fileEncoding = 4; lastKnownFileType = sourcecode.cpp.cpp; name = Execute.cpp; path = libcycript/Execute.cpp; sourceTree = SOURCE_ROOT; };
		D008ED4E17A2E5990047DEB0 /* JavaScriptCore.cpp */ = {isa = PBXFileReference; fileEncoding = 4; lastKnownFileType = sourcecode.cpp.cpp; name = JavaScriptCore.cpp; path = libcycript/JavaScriptCore.cpp; sourceTree = SOURCE_ROOT; };
		D008ED5017A2E5A20047DEB0 /* Library.cpp */ = {isa = PBXFileReference; fileEncoding = 4; lastKnownFileType = sourcecode.cpp.cpp; name = Library.cpp; path = libcycript/Library.cpp; sourceTree = SOURCE_ROOT; };
		D008ED5217A2E5C30047DEB0 /* copy.cpp */ = {isa = PBXFileReference; fileEncoding = 4; lastKnownFileType = sourcecode.cpp.cpp; name = copy.cpp; path = libcycript/sig/copy.cpp; sourceTree = SOURCE_ROOT; };
		D008ED5317A2E5C30047DEB0 /* ffi_type.cpp */ = {isa = PBXFileReference; fileEncoding = 4; lastKnownFileType = sourcecode.cpp.cpp; name = ffi_type.cpp; path = libcycript/sig/ffi_type.cpp; sourceTree = SOURCE_ROOT; };
		D008ED5417A2E5C30047DEB0 /* parse.cpp */ = {isa = PBXFileReference; fileEncoding = 4; lastKnownFileType = sourcecode.cpp.cpp; name = parse.cpp; path = libcycript/sig/parse.cpp; sourceTree = SOURCE_ROOT; };
		D008ED5B17A2E5F80047DEB0 /* Replace.cpp */ = {isa = PBXFileReference; fileEncoding = 4; lastKnownFileType = sourcecode.cpp.cpp; name = Replace.cpp; path = libcycript/ObjectiveC/Replace.cpp; sourceTree = SOURCE_ROOT; };
		D008ED5D17A2E5FD0047DEB0 /* Library.mm */ = {isa = PBXFileReference; fileEncoding = 4; lastKnownFileType = sourcecode.cpp.objcpp; name = Library.mm; path = libcycript/ObjectiveC/Library.mm; sourceTree = SOURCE_ROOT; };
		D008ED6117A2EC8B0047DEB0 /* lex.cy.cpp */ = {isa = PBXFileReference; fileEncoding = 4; lastKnownFileType = sourcecode.cpp.cpp; name = lex.cy.cpp; path = libcycript/lex.cy.cpp; sourceTree = SOURCE_ROOT; };
		D008ED9A17A31C7C0047DEB0 /* Cycript.tab.cc */ = {isa = PBXFileReference; fileEncoding = 4; lastKnownFileType = sourcecode.cpp.cpp; name = Cycript.tab.cc; path = libcycript/Cycript.tab.cc; sourceTree = SOURCE_ROOT; };
		D07514C517CB038F0055B2FA /* JavaScriptCore.framework */ = {isa = PBXFileReference; lastKnownFileType = wrapper.framework; name = JavaScriptCore.framework; path = System/Library/Frameworks/JavaScriptCore.framework; sourceTree = SDKROOT; };
		D07514C917CB061A0055B2FA /* cycript.h */ = {isa = PBXFileReference; lastKnownFileType = sourcecode.c.h; path = cycript.h; sourceTree = "<group>"; };
/* End PBXFileReference section */

/* Begin PBXFrameworksBuildPhase section */
		0285752C18D01A5A0024DADA /* Frameworks */ = {
			isa = PBXFrameworksBuildPhase;
			buildActionMask = 2147483647;
			files = (
				0285756B18D01CE10024DADA /* libffi.dylib in Frameworks */,
				0285753118D01A5A0024DADA /* Cocoa.framework in Frameworks */,
			);
			runOnlyForDeploymentPostprocessing = 0;
		};
		D008ED1E17A2E47D0047DEB0 /* Frameworks */ = {
			isa = PBXFrameworksBuildPhase;
			buildActionMask = 2147483647;
			files = (
				0285752718D018310024DADA /* libffi.a in Frameworks */,
				D07514C617CB038F0055B2FA /* JavaScriptCore.framework in Frameworks */,
				D008ED2517A2E47D0047DEB0 /* Foundation.framework in Frameworks */,
			);
			runOnlyForDeploymentPostprocessing = 0;
		};
/* End PBXFrameworksBuildPhase section */

/* Begin PBXGroup section */
		0285751D18D018200024DADA /* Products */ = {
			isa = PBXGroup;
			children = (
				0285752218D018200024DADA /* libffi.a */,
				0285752418D018200024DADA /* ffi.dylib */,
			);
			name = Products;
			sourceTree = "<group>";
		};
		0285753218D01A5A0024DADA /* Other Frameworks */ = {
			isa = PBXGroup;
			children = (
				0285753318D01A5A0024DADA /* Foundation.framework */,
				0285753418D01A5A0024DADA /* CoreData.framework */,
				0285753518D01A5A0024DADA /* AppKit.framework */,
			);
			name = "Other Frameworks";
			sourceTree = "<group>";
		};
		D008ED1817A2E47D0047DEB0 = {
			isa = PBXGroup;
			children = (
				D07514C917CB061A0055B2FA /* cycript.h */,
				D008ED2617A2E47D0047DEB0 /* cycript */,
				D008ED2317A2E47D0047DEB0 /* Frameworks */,
				D008ED2217A2E47D0047DEB0 /* Products */,
			);
			sourceTree = "<group>";
		};
		D008ED2217A2E47D0047DEB0 /* Products */ = {
			isa = PBXGroup;
			children = (
				D008ED2117A2E47D0047DEB0 /* libcycript-iOS.a */,
				0285752F18D01A5A0024DADA /* libcycript-Mac.a */,
			);
			name = Products;
			sourceTree = "<group>";
		};
		D008ED2317A2E47D0047DEB0 /* Frameworks */ = {
			isa = PBXGroup;
			children = (
				0285756A18D01CE10024DADA /* libffi.dylib */,
				0285751C18D018200024DADA /* libffi.xcodeproj */,
				D07514C517CB038F0055B2FA /* JavaScriptCore.framework */,
				D008ED2417A2E47D0047DEB0 /* Foundation.framework */,
				0285753018D01A5A0024DADA /* Cocoa.framework */,
				0285754118D01A5A0024DADA /* XCTest.framework */,
				0285753218D01A5A0024DADA /* Other Frameworks */,
			);
			name = Frameworks;
			sourceTree = "<group>";
		};
		D008ED2617A2E47D0047DEB0 /* cycript */ = {
			isa = PBXGroup;
			children = (
				D008ED3E17A2E4ED0047DEB0 /* ConvertUTF.c */,
				D008ED4017A2E4F70047DEB0 /* Highlight.cpp */,
				D008ED4217A2E4FE0047DEB0 /* Network.cpp */,
				D008ED4417A2E5050047DEB0 /* Output.cpp */,
				D008ED4617A2E50C0047DEB0 /* Parser.cpp */,
				D008ED4817A2E5120047DEB0 /* Replace.cpp */,
				D008ED4A17A2E5840047DEB0 /* Bridge.cpp */,
				D008ED4C17A2E5910047DEB0 /* Execute.cpp */,
				D008ED4E17A2E5990047DEB0 /* JavaScriptCore.cpp */,
				D008ED5017A2E5A20047DEB0 /* Library.cpp */,
				D008ED5817A2E5C70047DEB0 /* sig */,
				D008ED5F17A2E6020047DEB0 /* ObjectiveC */,
				D008ED6317A2EC8E0047DEB0 /* Generated */,
			);
			path = cycript;
			sourceTree = "<group>";
		};
		D008ED5817A2E5C70047DEB0 /* sig */ = {
			isa = PBXGroup;
			children = (
				D008ED5217A2E5C30047DEB0 /* copy.cpp */,
				D008ED5317A2E5C30047DEB0 /* ffi_type.cpp */,
				D008ED5417A2E5C30047DEB0 /* parse.cpp */,
			);
			name = sig;
			sourceTree = "<group>";
		};
		D008ED5F17A2E6020047DEB0 /* ObjectiveC */ = {
			isa = PBXGroup;
			children = (
				025FEABB18D00E950024AE80 /* Output.cpp */,
				D008ED5B17A2E5F80047DEB0 /* Replace.cpp */,
				D008ED5D17A2E5FD0047DEB0 /* Library.mm */,
			);
			name = ObjectiveC;
			sourceTree = "<group>";
		};
		D008ED6317A2EC8E0047DEB0 /* Generated */ = {
			isa = PBXGroup;
			children = (
				D008ED6117A2EC8B0047DEB0 /* lex.cy.cpp */,
				D008ED9A17A31C7C0047DEB0 /* Cycript.tab.cc */,
			);
			name = Generated;
			sourceTree = "<group>";
		};
/* End PBXGroup section */

/* Begin PBXHeadersBuildPhase section */
		0285752D18D01A5A0024DADA /* Headers */ = {
			isa = PBXHeadersBuildPhase;
			buildActionMask = 2147483647;
			files = (
			);
			runOnlyForDeploymentPostprocessing = 0;
		};
/* End PBXHeadersBuildPhase section */

/* Begin PBXNativeTarget section */
		0285752E18D01A5A0024DADA /* cycript-Mac */ = {
			isa = PBXNativeTarget;
			buildConfigurationList = 0285754F18D01A5A0024DADA /* Build configuration list for PBXNativeTarget "cycript-Mac" */;
			buildPhases = (
				0285752B18D01A5A0024DADA /* Sources */,
				0285752C18D01A5A0024DADA /* Frameworks */,
				0285752D18D01A5A0024DADA /* Headers */,
			);
			buildRules = (
			);
			dependencies = (
			);
			name = "cycript-Mac";
			productName = "cycript-Mac";
			productReference = 0285752F18D01A5A0024DADA /* libcycript-Mac.a */;
			productType = "com.apple.product-type.library.static";
		};
		D008ED2017A2E47D0047DEB0 /* cycript-iOS */ = {
			isa = PBXNativeTarget;
			buildConfigurationList = D008ED2F17A2E47D0047DEB0 /* Build configuration list for PBXNativeTarget "cycript-iOS" */;
			buildPhases = (
				D008ED6017A2E7CA0047DEB0 /* Preprocess Sources */,
				D008ED1D17A2E47D0047DEB0 /* Sources */,
				D008ED1E17A2E47D0047DEB0 /* Frameworks */,
				D008ED1F17A2E47D0047DEB0 /* CopyFiles */,
			);
			buildRules = (
			);
			dependencies = (
				0285752618D018290024DADA /* PBXTargetDependency */,
			);
			name = "cycript-iOS";
			productName = cycript;
			productReference = D008ED2117A2E47D0047DEB0 /* libcycript-iOS.a */;
			productType = "com.apple.product-type.library.static";
		};
/* End PBXNativeTarget section */

/* Begin PBXProject section */
		D008ED1917A2E47D0047DEB0 /* Project object */ = {
			isa = PBXProject;
			attributes = {
				LastUpgradeCheck = 0460;
				ORGANIZATIONNAME = "Conrad Kramer";
			};
			buildConfigurationList = D008ED1C17A2E47D0047DEB0 /* Build configuration list for PBXProject "cycript" */;
			compatibilityVersion = "Xcode 3.2";
			developmentRegion = English;
			hasScannedForEncodings = 0;
			knownRegions = (
				en,
			);
			mainGroup = D008ED1817A2E47D0047DEB0;
			productRefGroup = D008ED2217A2E47D0047DEB0 /* Products */;
			projectDirPath = "";
			projectReferences = (
				{
					ProductGroup = 0285751D18D018200024DADA /* Products */;
					ProjectRef = 0285751C18D018200024DADA /* libffi.xcodeproj */;
				},
			);
			projectRoot = "";
			targets = (
				D008ED2017A2E47D0047DEB0 /* cycript-iOS */,
				0285752E18D01A5A0024DADA /* cycript-Mac */,
			);
		};
/* End PBXProject section */

/* Begin PBXReferenceProxy section */
		0285752218D018200024DADA /* libffi.a */ = {
			isa = PBXReferenceProxy;
			fileType = archive.ar;
			path = libffi.a;
			remoteRef = 0285752118D018200024DADA /* PBXContainerItemProxy */;
			sourceTree = BUILT_PRODUCTS_DIR;
		};
		0285752418D018200024DADA /* ffi.dylib */ = {
			isa = PBXReferenceProxy;
			fileType = "compiled.mach-o.dylib";
			path = ffi.dylib;
			remoteRef = 0285752318D018200024DADA /* PBXContainerItemProxy */;
			sourceTree = BUILT_PRODUCTS_DIR;
		};
/* End PBXReferenceProxy section */

/* Begin PBXShellScriptBuildPhase section */
		D008ED6017A2E7CA0047DEB0 /* Preprocess Sources */ = {
			isa = PBXShellScriptBuildPhase;
			buildActionMask = 2147483647;
			files = (
			);
			inputPaths = (
				"\"$(SRCROOT)/libcycript/Cycript.yy.in\"",
				"\"$(SRCROOT)/libcycript/Cycript.l.in\"",
			);
			name = "Preprocess Sources";
			outputPaths = (
				"\"$(SRCROOT)/libcycript/Cycript.yy\"",
				"\"$(SRCROOT)/libcycript/Cycript.l\"",
				"\"$(SRCROOT)/libcycript/lex.cy.cpp\"",
			);
			runOnlyForDeploymentPostprocessing = 0;
			shellPath = /bin/sh;
			shellScript = "\"$SRCROOT/libcycript/Filter.sh\" < \"$SRCROOT/libcycript/Cycript.l.in\" > \"$SRCROOT/libcycript/Cycript.l\" Bison23 C ObjectiveC\nflex -t \"$SRCROOT/libcycript/Cycript.l\" | sed -e 's/int yyl;/yy_size_t yyl;/;s/int yyleng_r;/yy_size_t yyleng_r;/' > \"$SRCROOT/libcycript/lex.cy.cpp\"\n\n\"$SRCROOT/libcycript/Filter.sh\" < \"$SRCROOT/libcycript/Cycript.yy.in\" > \"$SRCROOT/libcycript/Cycript.yy\" Bison23 C ObjectiveC\ncd \"$SRCROOT/libcycript/\"\nbison -v --report=state Cycript.yy\n! grep -n '^ *$$default  reduce using rule [0-9]* (Lex[A-Z][^)]*)$$' \"$SRCROOT/libcycript/Cycript.output\" -B 2 | grep 'shift, and go to state [0-9]*$$'\n! grep -n '^ *$$default  reduce using rule [0-9]* (Lex[A-Z][^)]*)$$' \"$SRCROOT/libcycript/Cycript.output\" -B 2 | grep -v '$$default' | grep 'reduce using rule [0-9]* ([^)]*)$$'\n\n\"$SRCROOT/libcycript/Bridge.sh\" \"$SRCROOT/libcycript/Bridge.def\" > \"$SRCROOT/libcycript/Bridge.gperf\"\ngperf \"$SRCROOT/libcycript/Bridge.gperf\" | sed -e 's/defined __GNUC_STDC_INLINE__ || defined __GNUC_GNU_INLINE__/0/' > \"$SRCROOT/libcycript/Bridge.hpp\"";
		};
/* End PBXShellScriptBuildPhase section */

/* Begin PBXSourcesBuildPhase section */
		0285752B18D01A5A0024DADA /* Sources */ = {
			isa = PBXSourcesBuildPhase;
			buildActionMask = 2147483647;
			files = (
				0285755E18D01B940024DADA /* Bridge.cpp in Sources */,
				0285756918D01B9F0024DADA /* Cycript.tab.cc in Sources */,
				0285756018D01B940024DADA /* JavaScriptCore.cpp in Sources */,
				0285755B18D01B940024DADA /* Output.cpp in Sources */,
				0285756418D01B960024DADA /* parse.cpp in Sources */,
				0285755918D01B940024DADA /* Highlight.cpp in Sources */,
				0285755A18D01B940024DADA /* Network.cpp in Sources */,
				0285756518D01B9A0024DADA /* Output.cpp in Sources */,
				0285756718D01B9A0024DADA /* Library.mm in Sources */,
				0285756218D01B960024DADA /* copy.cpp in Sources */,
				0285756118D01B940024DADA /* Library.cpp in Sources */,
				0285755C18D01B940024DADA /* Parser.cpp in Sources */,
				0285755D18D01B940024DADA /* Replace.cpp in Sources */,
				0285756818D01B9F0024DADA /* lex.cy.cpp in Sources */,
				0285755818D01B940024DADA /* ConvertUTF.c in Sources */,
				0285755F18D01B940024DADA /* Execute.cpp in Sources */,
				0285756618D01B9A0024DADA /* Replace.cpp in Sources */,
				0285756318D01B960024DADA /* ffi_type.cpp in Sources */,
			);
			runOnlyForDeploymentPostprocessing = 0;
		};
		D008ED1D17A2E47D0047DEB0 /* Sources */ = {
			isa = PBXSourcesBuildPhase;
			buildActionMask = 2147483647;
			files = (
				D008ED3F17A2E4ED0047DEB0 /* ConvertUTF.c in Sources */,
				D008ED4117A2E4F70047DEB0 /* Highlight.cpp in Sources */,
				025FEABC18D00E950024AE80 /* Output.cpp in Sources */,
				D008ED4317A2E4FE0047DEB0 /* Network.cpp in Sources */,
				D008ED4517A2E5050047DEB0 /* Output.cpp in Sources */,
				D008ED4717A2E50C0047DEB0 /* Parser.cpp in Sources */,
				D008ED4917A2E5120047DEB0 /* Replace.cpp in Sources */,
				D008ED4B17A2E5840047DEB0 /* Bridge.cpp in Sources */,
				D008ED4D17A2E5910047DEB0 /* Execute.cpp in Sources */,
				D008ED4F17A2E5990047DEB0 /* JavaScriptCore.cpp in Sources */,
				D008ED5117A2E5A20047DEB0 /* Library.cpp in Sources */,
				D008ED5517A2E5C30047DEB0 /* copy.cpp in Sources */,
				D008ED5617A2E5C30047DEB0 /* ffi_type.cpp in Sources */,
				D008ED5717A2E5C30047DEB0 /* parse.cpp in Sources */,
				D008ED5C17A2E5F80047DEB0 /* Replace.cpp in Sources */,
				D008ED5E17A2E5FD0047DEB0 /* Library.mm in Sources */,
				D008ED6217A2EC8B0047DEB0 /* lex.cy.cpp in Sources */,
				D008ED9B17A31C7C0047DEB0 /* Cycript.tab.cc in Sources */,
			);
			runOnlyForDeploymentPostprocessing = 0;
		};
/* End PBXSourcesBuildPhase section */

/* Begin PBXTargetDependency section */
		0285752618D018290024DADA /* PBXTargetDependency */ = {
			isa = PBXTargetDependency;
			name = "libffi-iOS";
			targetProxy = 0285752518D018290024DADA /* PBXContainerItemProxy */;
		};
/* End PBXTargetDependency section */

/* Begin XCBuildConfiguration section */
		0285755018D01A5A0024DADA /* Debug */ = {
			isa = XCBuildConfiguration;
			buildSettings = {
				CLANG_WARN_BOOL_CONVERSION = YES;
				CLANG_WARN_DIRECT_OBJC_ISA_USAGE = YES_ERROR;
				CLANG_WARN_OBJC_ROOT_CLASS = YES_ERROR;
				DEBUG_INFORMATION_FORMAT = "dwarf-with-dsym";
				GCC_WARN_64_TO_32_BIT_CONVERSION = YES;
				GCC_WARN_ABOUT_RETURN_TYPE = YES_ERROR;
				GCC_WARN_UNDECLARED_SELECTOR = YES;
				GCC_WARN_UNUSED_FUNCTION = YES;
				MACOSX_DEPLOYMENT_TARGET = 10.6;
				ONLY_ACTIVE_ARCH = NO;
				OTHER_CFLAGS = (
					"-DCY_EXECUTE",
					"$(inherited)",
				);
				PRODUCT_NAME = "$(TARGET_NAME)";
				SDKROOT = macosx;
				SKIP_INSTALL = YES;
			};
			name = Debug;
		};
		0285755118D01A5A0024DADA /* Release */ = {
			isa = XCBuildConfiguration;
			buildSettings = {
				CLANG_WARN_BOOL_CONVERSION = YES;
				CLANG_WARN_DIRECT_OBJC_ISA_USAGE = YES_ERROR;
				CLANG_WARN_OBJC_ROOT_CLASS = YES_ERROR;
				DEBUG_INFORMATION_FORMAT = "dwarf-with-dsym";
				ENABLE_NS_ASSERTIONS = NO;
				GCC_WARN_64_TO_32_BIT_CONVERSION = YES;
				GCC_WARN_ABOUT_RETURN_TYPE = YES_ERROR;
				GCC_WARN_UNDECLARED_SELECTOR = YES;
				GCC_WARN_UNUSED_FUNCTION = YES;
				MACOSX_DEPLOYMENT_TARGET = 10.6;
				OTHER_CFLAGS = (
					"-DCY_EXECUTE",
					"$(inherited)",
				);
				PRODUCT_NAME = "$(TARGET_NAME)";
				SDKROOT = macosx;
				SKIP_INSTALL = YES;
			};
			name = Release;
		};
		D008ED2D17A2E47D0047DEB0 /* Debug */ = {
			isa = XCBuildConfiguration;
			buildSettings = {
				ALWAYS_SEARCH_USER_PATHS = YES;
				CLANG_CXX_LANGUAGE_STANDARD = "gnu++0x";
				CLANG_CXX_LIBRARY = "libstdc++";
				CLANG_WARN_CONSTANT_CONVERSION = YES;
				CLANG_WARN_EMPTY_BODY = YES;
				CLANG_WARN_ENUM_CONVERSION = YES;
				CLANG_WARN_INT_CONVERSION = YES;
				CLANG_WARN__DUPLICATE_METHOD_MATCH = YES;
				COPY_PHASE_STRIP = NO;
				GCC_C_LANGUAGE_STANDARD = gnu99;
				GCC_DYNAMIC_NO_PIC = NO;
				GCC_OPTIMIZATION_LEVEL = 0;
				GCC_PREPROCESSOR_DEFINITIONS = (
					"YYDEBUG=1",
					"$(inherited)",
				);
				GCC_SYMBOLS_PRIVATE_EXTERN = NO;
				GCC_WARN_ABOUT_RETURN_TYPE = YES;
				GCC_WARN_UNINITIALIZED_AUTOS = YES;
				GCC_WARN_UNUSED_VARIABLE = YES;
				HEADER_SEARCH_PATHS = (
					"\"$(SRCROOT)/libcycript\"",
					"\"$(SRCROOT)/libffi-iOS/darwin_common/include\"",
					"\"$(SRCROOT)/libffi-iOS/darwin_ios/include\"",
				);
				ONLY_ACTIVE_ARCH = YES;
				SDKROOT = iphoneos;
			};
			name = Debug;
		};
		D008ED2E17A2E47D0047DEB0 /* Release */ = {
			isa = XCBuildConfiguration;
			buildSettings = {
				ALWAYS_SEARCH_USER_PATHS = YES;
				CLANG_CXX_LANGUAGE_STANDARD = "gnu++0x";
				CLANG_CXX_LIBRARY = "libstdc++";
				CLANG_WARN_CONSTANT_CONVERSION = YES;
				CLANG_WARN_EMPTY_BODY = YES;
				CLANG_WARN_ENUM_CONVERSION = YES;
				CLANG_WARN_INT_CONVERSION = YES;
				CLANG_WARN__DUPLICATE_METHOD_MATCH = YES;
				COPY_PHASE_STRIP = YES;
				GCC_C_LANGUAGE_STANDARD = gnu99;
				GCC_WARN_ABOUT_RETURN_TYPE = YES;
				GCC_WARN_UNINITIALIZED_AUTOS = YES;
				GCC_WARN_UNUSED_VARIABLE = YES;
				HEADER_SEARCH_PATHS = (
					"\"$(SRCROOT)/libcycript\"",
					"\"$(SRCROOT)/libffi-iOS/darwin_common/include\"",
					"\"$(SRCROOT)/libffi-iOS/darwin_ios/include\"",
				);
				SDKROOT = iphoneos;
				VALIDATE_PRODUCT = YES;
			};
			name = Release;
		};
		D008ED3017A2E47D0047DEB0 /* Debug */ = {
			isa = XCBuildConfiguration;
			buildSettings = {
				ONLY_ACTIVE_ARCH = NO;
				OTHER_CFLAGS = (
					"-DCY_EXECUTE",
					"$(inherited)",
				);
				PRODUCT_NAME = "$(TARGET_NAME)";
				SKIP_INSTALL = YES;
			};
			name = Debug;
		};
		D008ED3117A2E47D0047DEB0 /* Release */ = {
			isa = XCBuildConfiguration;
			buildSettings = {
				ENABLE_NS_ASSERTIONS = NO;
				ONLY_ACTIVE_ARCH = NO;
				OTHER_CFLAGS = (
					"-DCY_EXECUTE",
					"$(inherited)",
				);
				PRODUCT_NAME = "$(TARGET_NAME)";
				SKIP_INSTALL = YES;
			};
			name = Release;
		};
/* End XCBuildConfiguration section */

/* Begin XCConfigurationList section */
		0285754F18D01A5A0024DADA /* Build configuration list for PBXNativeTarget "cycript-Mac" */ = {
			isa = XCConfigurationList;
			buildConfigurations = (
				0285755018D01A5A0024DADA /* Debug */,
				0285755118D01A5A0024DADA /* Release */,
			);
			defaultConfigurationIsVisible = 0;
			defaultConfigurationName = Release;
		};
		D008ED1C17A2E47D0047DEB0 /* Build configuration list for PBXProject "cycript" */ = {
			isa = XCConfigurationList;
			buildConfigurations = (
				D008ED2D17A2E47D0047DEB0 /* Debug */,
				D008ED2E17A2E47D0047DEB0 /* Release */,
			);
			defaultConfigurationIsVisible = 0;
			defaultConfigurationName = Release;
		};
		D008ED2F17A2E47D0047DEB0 /* Build configuration list for PBXNativeTarget "cycript-iOS" */ = {
			isa = XCConfigurationList;
			buildConfigurations = (
				D008ED3017A2E47D0047DEB0 /* Debug */,
				D008ED3117A2E47D0047DEB0 /* Release */,
			);
			defaultConfigurationIsVisible = 0;
			defaultConfigurationName = Release;
		};
/* End XCConfigurationList section */
	};
	rootObject = D008ED1917A2E47D0047DEB0 /* Project object */;
}
